
Microsoft Visual Studio Solution File, Format Version 12.00
# Visual Studio Version 16
VisualStudioVersion = 16.0.32126.315
MinimumVisualStudioVersion = 10.0.40219.1
Project("{FAE04EC0-301F-11D3-BF4B-00C04F79EFBC}") = "WpfCaliburnApp", "WpfCaliburnApp.csproj", "{FC987B99-2177-4F28-817C-5F3A1654BD7E}"
EndProject
Project("{FAE04EC0-301F-11D3-BF4B-00C04F79EFBC}") = "DummyDataTest", "..\..\Day 06\DummyDataTest\DummyDataTest.csproj", "{21BC010E-1BC4-4216-B173-9FD51FCC820E}"
EndProject
Project("{2150E333-8FDC-42A3-9474-1A3956D46DE8}") = "SmartHome", "SmartHome", "{D00F0F37-9CD3-4509-A00A-4D537BF1961E}"
EndProject
Project("{FAE04EC0-301F-11D3-BF4B-00C04F79EFBC}") = "DummyDataApp", "..\DummyDataApp\DummyDataApp.csproj", "{8F02650C-DC7F-45F1-83EE-90BD4756EAC7}"
EndProject
Project("{FAE04EC0-301F-11D3-BF4B-00C04F79EFBC}") = "WpfSmartHomeMonitoringApp", "..\WpfSmartHomeMonitoringApp\WpfSmartHomeMonitoringApp.csproj", "{664355D3-E71A-4E42-A452-344EDCC60F37}"
EndProject
Global
	GlobalSection(SolutionConfigurationPlatforms) = preSolution
		Debug|Any CPU = Debug|Any CPU
		Release|Any CPU = Release|Any CPU
	EndGlobalSection
	GlobalSection(ProjectConfigurationPlatforms) = postSolution
		{FC987B99-2177-4F28-817C-5F3A1654BD7E}.Debug|Any CPU.ActiveCfg = Debug|Any CPU
		{FC987B99-2177-4F28-817C-5F3A1654BD7E}.Debug|Any CPU.Build.0 = Debug|Any CPU
		{FC987B99-2177-4F28-817C-5F3A1654BD7E}.Release|Any CPU.ActiveCfg = Release|Any CPU
		{FC987B99-2177-4F28-817C-5F3A1654BD7E}.Release|Any CPU.Build.0 = Release|Any CPU
		{21BC010E-1BC4-4216-B173-9FD51FCC820E}.Debug|Any CPU.ActiveCfg = Debug|Any CPU
		{21BC010E-1BC4-4216-B173-9FD51FCC820E}.Debug|Any CPU.Build.0 = Debug|Any CPU
		{21BC010E-1BC4-4216-B173-9FD51FCC820E}.Release|Any CPU.ActiveCfg = Release|Any CPU
		{21BC010E-1BC4-4216-B173-9FD51FCC820E}.Release|Any CPU.Build.0 = Release|Any CPU
		{8F02650C-DC7F-45F1-83EE-90BD4756EAC7}.Debug|Any CPU.ActiveCfg = Debug|Any CPU
		{8F02650C-DC7F-45F1-83EE-90BD4756EAC7}.Debug|Any CPU.Build.0 = Debug|Any CPU
		{8F02650C-DC7F-45F1-83EE-90BD4756EAC7}.Release|Any CPU.ActiveCfg = Release|Any CPU
		{8F02650C-DC7F-45F1-83EE-90BD4756EAC7}.Release|Any CPU.Build.0 = Release|Any CPU
		{664355D3-E71A-4E42-A452-344EDCC60F37}.Debug|Any CPU.ActiveCfg = Debug|Any CPU
		{664355D3-E71A-4E42-A452-344EDCC60F37}.Debug|Any CPU.Build.0 = Debug|Any CPU
		{664355D3-E71A-4E42-A452-344EDCC60F37}.Release|Any CPU.ActiveCfg = Release|Any CPU
		{664355D3-E71A-4E42-A452-344EDCC60F37}.Release|Any CPU.Build.0 = Release|Any CPU
	EndGlobalSection
	GlobalSection(SolutionProperties) = preSolution
		HideSolutionNode = FALSE
	EndGlobalSection
	GlobalSection(NestedProjects) = preSolution
		{8F02650C-DC7F-45F1-83EE-90BD4756EAC7} = {D00F0F37-9CD3-4509-A00A-4D537BF1961E}
		{664355D3-E71A-4E42-A452-344EDCC60F37} = {D00F0F37-9CD3-4509-A00A-4D537BF1961E}
	EndGlobalSection
	GlobalSection(ExtensibilityGlobals) = postSolution
		SolutionGuid = {995D958B-83CD-480A-B090-9822E254E3B7}
	EndGlobalSection
EndGlobal
