
Microsoft Visual Studio Solution File, Format Version 12.00
# Visual Studio Version 16
VisualStudioVersion = 16.0.32510.428
MinimumVisualStudioVersion = 10.0.40219.1
Project("{FAE04EC0-301F-11D3-BF4B-00C04F79EFBC}") = "CnsLogTestApp", "CnsLogTestApp\CnsLogTestApp.csproj", "{4591567A-29B2-456F-8AB8-8F0F276707D7}"
EndProject
Global
	GlobalSection(SolutionConfigurationPlatforms) = preSolution
		Debug|Any CPU = Debug|Any CPU
		Release|Any CPU = Release|Any CPU
	EndGlobalSection
	GlobalSection(ProjectConfigurationPlatforms) = postSolution
		{4591567A-29B2-456F-8AB8-8F0F276707D7}.Debug|Any CPU.ActiveCfg = Debug|Any CPU
		{4591567A-29B2-456F-8AB8-8F0F276707D7}.Debug|Any CPU.Build.0 = Debug|Any CPU
		{4591567A-29B2-456F-8AB8-8F0F276707D7}.Release|Any CPU.ActiveCfg = Release|Any CPU
		{4591567A-29B2-456F-8AB8-8F0F276707D7}.Release|Any CPU.Build.0 = Release|Any CPU
	EndGlobalSection
	GlobalSection(SolutionProperties) = preSolution
		HideSolutionNode = FALSE
	EndGlobalSection
	GlobalSection(ExtensibilityGlobals) = postSolution
		SolutionGuid = {257A4E56-958C-4455-A033-DAC02A9298CB}
	EndGlobalSection
EndGlobal
